
Microsoft Visual Studio Solution File, Format Version 12.00
# Visual Studio Version 17
VisualStudioVersion = 17.0.31903.59
MinimumVisualStudioVersion = 10.0.40219.1
Project("{2150E333-8FDC-42A3-9474-1A3956D46DE8}") = "src", "src", "{827E0CD3-B72D-47B6-A68D-7590B98EB39B}"
EndProject
Project("{FAE04EC0-301F-11D3-BF4B-00C04F79EFBC}") = "SmartErpAgent.Core", "src\SmartErpAgent.Core\SmartErpAgent.Core.csproj", "{084E69EC-0716-4B75-91CE-1478C1788F68}"
EndProject
Project("{FAE04EC0-301F-11D3-BF4B-00C04F79EFBC}") = "SmartErpAgent.Application", "src\SmartErpAgent.Application\SmartErpAgent.Application.csproj", "{1B509E57-0A5B-4A31-A7AD-7FDEA365DDC2}"
EndProject
Project("{FAE04EC0-301F-11D3-BF4B-00C04F79EFBC}") = "SmartErpAgent.Infrastructure", "src\SmartErpAgent.Infrastructure\SmartErpAgent.Infrastructure.csproj", "{E20D0632-EEB5-4CE6-BCB0-0927E6690352}"
EndProject
Project("{FAE04EC0-301F-11D3-BF4B-00C04F79EFBC}") = "SmartErpAgent.AgentEngine", "src\SmartErpAgent.AgentEngine\SmartErpAgent.AgentEngine.csproj", "{0941163C-1183-486B-929E-CDD8392E0BC6}"
EndProject
Project("{FAE04EC0-301F-11D3-BF4B-00C04F79EFBC}") = "SmartErpAgent.Api", "src\SmartErpAgent.Api\SmartErpAgent.Api.csproj", "{952443FC-8FEF-4379-8A6E-899E6DC8D199}"
EndProject
Project("{2150E333-8FDC-42A3-9474-1A3956D46DE8}") = "tests", "tests", "{0AB3BF05-4346-4AA6-1389-037BE0695223}"
EndProject
Project("{FAE04EC0-301F-11D3-BF4B-00C04F79EFBC}") = "SmartErpAgent.UnitTests", "tests\SmartErpAgent.UnitTests\SmartErpAgent.UnitTests.csproj", "{83AA9B6B-4AB2-4CBC-B193-AEDA5D07350C}"
EndProject
Global
	GlobalSection(SolutionConfigurationPlatforms) = preSolution
		Debug|Any CPU = Debug|Any CPU
		Debug|x64 = Debug|x64
		Debug|x86 = Debug|x86
		Release|Any CPU = Release|Any CPU
		Release|x64 = Release|x64
		Release|x86 = Release|x86
	EndGlobalSection
	GlobalSection(ProjectConfigurationPlatforms) = postSolution
		{084E69EC-0716-4B75-91CE-1478C1788F68}.Debug|Any CPU.ActiveCfg = Debug|Any CPU
		{084E69EC-0716-4B75-91CE-1478C1788F68}.Debug|Any CPU.Build.0 = Debug|Any CPU
		{084E69EC-0716-4B75-91CE-1478C1788F68}.Debug|x64.ActiveCfg = Debug|Any CPU
		{084E69EC-0716-4B75-91CE-1478C1788F68}.Debug|x64.Build.0 = Debug|Any CPU
		{084E69EC-0716-4B75-91CE-1478C1788F68}.Debug|x86.ActiveCfg = Debug|Any CPU
		{084E69EC-0716-4B75-91CE-1478C1788F68}.Debug|x86.Build.0 = Debug|Any CPU
		{084E69EC-0716-4B75-91CE-1478C1788F68}.Release|Any CPU.ActiveCfg = Release|Any CPU
		{084E69EC-0716-4B75-91CE-1478C1788F68}.Release|Any CPU.Build.0 = Release|Any CPU
		{084E69EC-0716-4B75-91CE-1478C1788F68}.Release|x64.ActiveCfg = Release|Any CPU
		{084E69EC-0716-4B75-91CE-1478C1788F68}.Release|x64.Build.0 = Release|Any CPU
		{084E69EC-0716-4B75-91CE-1478C1788F68}.Release|x86.ActiveCfg = Release|Any CPU
		{084E69EC-0716-4B75-91CE-1478C1788F68}.Release|x86.Build.0 = Release|Any CPU
		{1B509E57-0A5B-4A31-A7AD-7FDEA365DDC2}.Debug|Any CPU.ActiveCfg = Debug|Any CPU
		{1B509E57-0A5B-4A31-A7AD-7FDEA365DDC2}.Debug|Any CPU.Build.0 = Debug|Any CPU
		{1B509E57-0A5B-4A31-A7AD-7FDEA365DDC2}.Debug|x64.ActiveCfg = Debug|Any CPU
		{1B509E57-0A5B-4A31-A7AD-7FDEA365DDC2}.Debug|x64.Build.0 = Debug|Any CPU
		{1B509E57-0A5B-4A31-A7AD-7FDEA365DDC2}.Debug|x86.ActiveCfg = Debug|Any CPU
		{1B509E57-0A5B-4A31-A7AD-7FDEA365DDC2}.Debug|x86.Build.0 = Debug|Any CPU
		{1B509E57-0A5B-4A31-A7AD-7FDEA365DDC2}.Release|Any CPU.ActiveCfg = Release|Any CPU
		{1B509E57-0A5B-4A31-A7AD-7FDEA365DDC2}.Release|Any CPU.Build.0 = Release|Any CPU
		{1B509E57-0A5B-4A31-A7AD-7FDEA365DDC2}.Release|x64.ActiveCfg = Release|Any CPU
		{1B509E57-0A5B-4A31-A7AD-7FDEA365DDC2}.Release|x64.Build.0 = Release|Any CPU
		{1B509E57-0A5B-4A31-A7AD-7FDEA365DDC2}.Release|x86.ActiveCfg = Release|Any CPU
		{1B509E57-0A5B-4A31-A7AD-7FDEA365DDC2}.Release|x86.Build.0 = Release|Any CPU
		{E20D0632-EEB5-4CE6-BCB0-0927E6690352}.Debug|Any CPU.ActiveCfg = Debug|Any CPU
		{E20D0632-EEB5-4CE6-BCB0-0927E6690352}.Debug|Any CPU.Build.0 = Debug|Any CPU
		{E20D0632-EEB5-4CE6-BCB0-0927E6690352}.Debug|x64.ActiveCfg = Debug|Any CPU
		{E20D0632-EEB5-4CE6-BCB0-0927E6690352}.Debug|x64.Build.0 = Debug|Any CPU
		{E20D0632-EEB5-4CE6-BCB0-0927E6690352}.Debug|x86.ActiveCfg = Debug|Any CPU
		{E20D0632-EEB5-4CE6-BCB0-0927E6690352}.Debug|x86.Build.0 = Debug|Any CPU
		{E20D0632-EEB5-4CE6-BCB0-0927E6690352}.Release|Any CPU.ActiveCfg = Release|Any CPU
		{E20D0632-EEB5-4CE6-BCB0-0927E6690352}.Release|Any CPU.Build.0 = Release|Any CPU
		{E20D0632-EEB5-4CE6-BCB0-0927E6690352}.Release|x64.ActiveCfg = Release|Any CPU
		{E20D0632-EEB5-4CE6-BCB0-0927E6690352}.Release|x64.Build.0 = Release|Any CPU
		{E20D0632-EEB5-4CE6-BCB0-0927E6690352}.Release|x86.ActiveCfg = Release|Any CPU
		{E20D0632-EEB5-4CE6-BCB0-0927E6690352}.Release|x86.Build.0 = Release|Any CPU
		{0941163C-1183-486B-929E-CDD8392E0BC6}.Debug|Any CPU.ActiveCfg = Debug|Any CPU
		{0941163C-1183-486B-929E-CDD8392E0BC6}.Debug|Any CPU.Build.0 = Debug|Any CPU
		{0941163C-1183-486B-929E-CDD8392E0BC6}.Debug|x64.ActiveCfg = Debug|Any CPU
		{0941163C-1183-486B-929E-CDD8392E0BC6}.Debug|x64.Build.0 = Debug|Any CPU
		{0941163C-1183-486B-929E-CDD8392E0BC6}.Debug|x86.ActiveCfg = Debug|Any CPU
		{0941163C-1183-486B-929E-CDD8392E0BC6}.Debug|x86.Build.0 = Debug|Any CPU
		{0941163C-1183-486B-929E-CDD8392E0BC6}.Release|Any CPU.ActiveCfg = Release|Any CPU
		{0941163C-1183-486B-929E-CDD8392E0BC6}.Release|Any CPU.Build.0 = Release|Any CPU
		{0941163C-1183-486B-929E-CDD8392E0BC6}.Release|x64.ActiveCfg = Release|Any CPU
		{0941163C-1183-486B-929E-CDD8392E0BC6}.Release|x64.Build.0 = Release|Any CPU
		{0941163C-1183-486B-929E-CDD8392E0BC6}.Release|x86.ActiveCfg = Release|Any CPU
		{0941163C-1183-486B-929E-CDD8392E0BC6}.Release|x86.Build.0 = Release|Any CPU
		{952443FC-8FEF-4379-8A6E-899E6DC8D199}.Debug|Any CPU.ActiveCfg = Debug|Any CPU
		{952443FC-8FEF-4379-8A6E-899E6DC8D199}.Debug|Any CPU.Build.0 = Debug|Any CPU
		{952443FC-8FEF-4379-8A6E-899E6DC8D199}.Debug|x64.ActiveCfg = Debug|Any CPU
		{952443FC-8FEF-4379-8A6E-899E6DC8D199}.Debug|x64.Build.0 = Debug|Any CPU
		{952443FC-8FEF-4379-8A6E-899E6DC8D199}.Debug|x86.ActiveCfg = Debug|Any CPU
		{952443FC-8FEF-4379-8A6E-899E6DC8D199}.Debug|x86.Build.0 = Debug|Any CPU
		{952443FC-8FEF-4379-8A6E-899E6DC8D199}.Release|Any CPU.ActiveCfg = Release|Any CPU
		{952443FC-8FEF-4379-8A6E-899E6DC8D199}.Release|Any CPU.Build.0 = Release|Any CPU
		{952443FC-8FEF-4379-8A6E-899E6DC8D199}.Release|x64.ActiveCfg = Release|Any CPU
		{952443FC-8FEF-4379-8A6E-899E6DC8D199}.Release|x64.Build.0 = Release|Any CPU
		{952443FC-8FEF-4379-8A6E-899E6DC8D199}.Release|x86.ActiveCfg = Release|Any CPU
		{952443FC-8FEF-4379-8A6E-899E6DC8D199}.Release|x86.Build.0 = Release|Any CPU
		{83AA9B6B-4AB2-4CBC-B193-AEDA5D07350C}.Debug|Any CPU.ActiveCfg = Debug|Any CPU
		{83AA9B6B-4AB2-4CBC-B193-AEDA5D07350C}.Debug|Any CPU.Build.0 = Debug|Any CPU
		{83AA9B6B-4AB2-4CBC-B193-AEDA5D07350C}.Debug|x64.ActiveCfg = Debug|Any CPU
		{83AA9B6B-4AB2-4CBC-B193-AEDA5D07350C}.Debug|x64.Build.0 = Debug|Any CPU
		{83AA9B6B-4AB2-4CBC-B193-AEDA5D07350C}.Debug|x86.ActiveCfg = Debug|Any CPU
		{83AA9B6B-4AB2-4CBC-B193-AEDA5D07350C}.Debug|x86.Build.0 = Debug|Any CPU
		{83AA9B6B-4AB2-4CBC-B193-AEDA5D07350C}.Release|Any CPU.ActiveCfg = Release|Any CPU
		{83AA9B6B-4AB2-4CBC-B193-AEDA5D07350C}.Release|Any CPU.Build.0 = Release|Any CPU
		{83AA9B6B-4AB2-4CBC-B193-AEDA5D07350C}.Release|x64.ActiveCfg = Release|Any CPU
		{83AA9B6B-4AB2-4CBC-B193-AEDA5D07350C}.Release|x64.Build.0 = Release|Any CPU
		{83AA9B6B-4AB2-4CBC-B193-AEDA5D07350C}.Release|x86.ActiveCfg = Release|Any CPU
		{83AA9B6B-4AB2-4CBC-B193-AEDA5D07350C}.Release|x86.Build.0 = Release|Any CPU
	EndGlobalSection
	GlobalSection(SolutionProperties) = preSolution
		HideSolutionNode = FALSE
	EndGlobalSection
	GlobalSection(NestedProjects) = preSolution
		{084E69EC-0716-4B75-91CE-1478C1788F68} = {827E0CD3-B72D-47B6-A68D-7590B98EB39B}
		{1B509E57-0A5B-4A31-A7AD-7FDEA365DDC2} = {827E0CD3-B72D-47B6-A68D-7590B98EB39B}
		{E20D0632-EEB5-4CE6-BCB0-0927E6690352} = {827E0CD3-B72D-47B6-A68D-7590B98EB39B}
		{0941163C-1183-486B-929E-CDD8392E0BC6} = {827E0CD3-B72D-47B6-A68D-7590B98EB39B}
		{952443FC-8FEF-4379-8A6E-899E6DC8D199} = {827E0CD3-B72D-47B6-A68D-7590B98EB39B}
		{83AA9B6B-4AB2-4CBC-B193-AEDA5D07350C} = {0AB3BF05-4346-4AA6-1389-037BE0695223}
	EndGlobalSection
EndGlobal
